
Microsoft Visual Studio Solution File, Format Version 12.00
# Visual Studio Version 16
VisualStudioVersion = 16.0.31025.194
MinimumVisualStudioVersion = 10.0.40219.1
Project("{D954291E-2A0B-460D-934E-DC6B0785DB48}") = "MagicSquare.Shared", "MagicSquare\MagicSquare.Shared\MagicSquare.Shared.shproj", "{6279C845-92F8-4333-AB99-3D213163593C}"
EndProject
Project("{2150E333-8FDC-42A3-9474-1A3956D46DE8}") = "Platforms", "Platforms", "{A6F85571-78A3-4BC0-B443-BFF263DC63CB}"
EndProject
Project("{FAE04EC0-301F-11D3-BF4B-00C04F79EFBC}") = "MagicSquare.Droid", "MagicSquare\MagicSquare.Droid\MagicSquare.Droid.csproj", "{30594A0D-E78A-45D8-BBAB-1B355B9AA745}"
EndProject
Project("{FAE04EC0-301F-11D3-BF4B-00C04F79EFBC}") = "MagicSquare.iOS", "MagicSquare\MagicSquare.iOS\MagicSquare.iOS.csproj", "{F12B0B30-9B38-4135-BD6C-2DE1C0B34576}"
EndProject
Project("{FAE04EC0-301F-11D3-BF4B-00C04F79EFBC}") = "MagicSquare.UWP", "MagicSquare\MagicSquare.UWP\MagicSquare.UWP.csproj", "{7EA5073B-62EE-46E0-8638-7855A4106792}"
EndProject
Project("{9A19103F-16F7-4668-BE54-9A1E7A4F7556}") = "MagicSquare.Wasm", "MagicSquare\MagicSquare.Wasm\MagicSquare.Wasm.csproj", "{CC0E9F95-05B6-4B7E-BE26-B21FC1EC3A9E}"
EndProject
Project("{FAE04EC0-301F-11D3-BF4B-00C04F79EFBC}") = "MagicSquare.macOS", "MagicSquare\MagicSquare.macOS\MagicSquare.macOS.csproj", "{202A2816-496D-40CA-BC9E-9739B230E193}"
EndProject
Project("{9A19103F-16F7-4668-BE54-9A1E7A4F7556}") = "MagicSquare.Skia.Wpf.Host", "MagicSquare\MagicSquare.Skia.Wpf.Host\MagicSquare.Skia.Wpf.Host.csproj", "{8CB95B48-C0BB-44CD-A9C4-D65222BE09EA}"
EndProject
Project("{9A19103F-16F7-4668-BE54-9A1E7A4F7556}") = "MagicSquare.Skia.Wpf", "MagicSquare\MagicSquare.Skia.Wpf\MagicSquare.Skia.Wpf.csproj", "{B9FC0600-C564-40B7-9E1B-A015E0B6731A}"
EndProject
Project("{9A19103F-16F7-4668-BE54-9A1E7A4F7556}") = "MagicSquare.Skia.Gtk", "MagicSquare\MagicSquare.Skia.Gtk\MagicSquare.Skia.Gtk.csproj", "{4E0287EE-A8D5-4406-B953-3A551DC6ECD6}"
EndProject
Project("{9A19103F-16F7-4668-BE54-9A1E7A4F7556}") = "MagicSquare.Skia.Tizen", "MagicSquare\MagicSquare.Skia.Tizen\MagicSquare.Skia.Tizen.csproj", "{EE8BEC6D-5AE2-4C57-8AA8-3602F2FC1530}"
EndProject
Project("{FAE04EC0-301F-11D3-BF4B-00C04F79EFBC}") = "UnitTestMagicSquare", "UnitTestMagicSquare\UnitTestMagicSquare.csproj", "{58369DD3-8056-44BC-A8B0-3C6714C47820}"
EndProject
Global
	GlobalSection(SharedMSBuildProjectFiles) = preSolution
		MagicSquare\MagicSquare.Shared\MagicSquare.Shared.projitems*{202a2816-496d-40ca-bc9e-9739b230e193}*SharedItemsImports = 4
		MagicSquare\MagicSquare.Shared\MagicSquare.Shared.projitems*{30594a0d-e78a-45d8-bbab-1b355b9aa745}*SharedItemsImports = 4
		MagicSquare\MagicSquare.Shared\MagicSquare.Shared.projitems*{4e0287ee-a8d5-4406-b953-3a551dc6ecd6}*SharedItemsImports = 5
		MagicSquare\MagicSquare.Shared\MagicSquare.Shared.projitems*{6279c845-92f8-4333-ab99-3d213163593c}*SharedItemsImports = 13
		MagicSquare\MagicSquare.Shared\MagicSquare.Shared.projitems*{7ea5073b-62ee-46e0-8638-7855a4106792}*SharedItemsImports = 4
		MagicSquare\MagicSquare.Shared\MagicSquare.Shared.projitems*{b9fc0600-c564-40b7-9e1b-a015e0b6731a}*SharedItemsImports = 5
		MagicSquare\MagicSquare.Shared\MagicSquare.Shared.projitems*{cc0e9f95-05b6-4b7e-be26-b21fc1ec3a9e}*SharedItemsImports = 5
		MagicSquare\MagicSquare.Shared\MagicSquare.Shared.projitems*{ee8bec6d-5ae2-4c57-8aa8-3602f2fc1530}*SharedItemsImports = 5
		MagicSquare\MagicSquare.Shared\MagicSquare.Shared.projitems*{f12b0b30-9b38-4135-bd6c-2de1c0b34576}*SharedItemsImports = 4
	EndGlobalSection
	GlobalSection(SolutionConfigurationPlatforms) = preSolution
		Ad-Hoc|Any CPU = Ad-Hoc|Any CPU
		Ad-Hoc|ARM = Ad-Hoc|ARM
		Ad-Hoc|ARM64 = Ad-Hoc|ARM64
		Ad-Hoc|iPhone = Ad-Hoc|iPhone
		Ad-Hoc|iPhoneSimulator = Ad-Hoc|iPhoneSimulator
		Ad-Hoc|x64 = Ad-Hoc|x64
		Ad-Hoc|x86 = Ad-Hoc|x86
		AppStore|Any CPU = AppStore|Any CPU
		AppStore|ARM = AppStore|ARM
		AppStore|ARM64 = AppStore|ARM64
		AppStore|iPhone = AppStore|iPhone
		AppStore|iPhoneSimulator = AppStore|iPhoneSimulator
		AppStore|x64 = AppStore|x64
		AppStore|x86 = AppStore|x86
		Debug|Any CPU = Debug|Any CPU
		Debug|ARM = Debug|ARM
		Debug|ARM64 = Debug|ARM64
		Debug|iPhone = Debug|iPhone
		Debug|iPhoneSimulator = Debug|iPhoneSimulator
		Debug|x64 = Debug|x64
		Debug|x86 = Debug|x86
		Release|Any CPU = Release|Any CPU
		Release|ARM = Release|ARM
		Release|ARM64 = Release|ARM64
		Release|iPhone = Release|iPhone
		Release|iPhoneSimulator = Release|iPhoneSimulator
		Release|x64 = Release|x64
		Release|x86 = Release|x86
	EndGlobalSection
	GlobalSection(ProjectConfigurationPlatforms) = postSolution
		{30594A0D-E78A-45D8-BBAB-1B355B9AA745}.Ad-Hoc|Any CPU.ActiveCfg = Debug|Any CPU
		{30594A0D-E78A-45D8-BBAB-1B355B9AA745}.Ad-Hoc|Any CPU.Build.0 = Debug|Any CPU
		{30594A0D-E78A-45D8-BBAB-1B355B9AA745}.Ad-Hoc|Any CPU.Deploy.0 = Debug|Any CPU
		{30594A0D-E78A-45D8-BBAB-1B355B9AA745}.Ad-Hoc|ARM.ActiveCfg = Debug|Any CPU
		{30594A0D-E78A-45D8-BBAB-1B355B9AA745}.Ad-Hoc|ARM.Build.0 = Debug|Any CPU
		{30594A0D-E78A-45D8-BBAB-1B355B9AA745}.Ad-Hoc|ARM.Deploy.0 = Debug|Any CPU
		{30594A0D-E78A-45D8-BBAB-1B355B9AA745}.Ad-Hoc|ARM64.ActiveCfg = Debug|Any CPU
		{30594A0D-E78A-45D8-BBAB-1B355B9AA745}.Ad-Hoc|ARM64.Build.0 = Debug|Any CPU
		{30594A0D-E78A-45D8-BBAB-1B355B9AA745}.Ad-Hoc|ARM64.Deploy.0 = Debug|Any CPU
		{30594A0D-E78A-45D8-BBAB-1B355B9AA745}.Ad-Hoc|iPhone.ActiveCfg = Debug|Any CPU
		{30594A0D-E78A-45D8-BBAB-1B355B9AA745}.Ad-Hoc|iPhone.Build.0 = Debug|Any CPU
		{30594A0D-E78A-45D8-BBAB-1B355B9AA745}.Ad-Hoc|iPhone.Deploy.0 = Debug|Any CPU
		{30594A0D-E78A-45D8-BBAB-1B355B9AA745}.Ad-Hoc|iPhoneSimulator.ActiveCfg = Debug|Any CPU
		{30594A0D-E78A-45D8-BBAB-1B355B9AA745}.Ad-Hoc|iPhoneSimulator.Build.0 = Debug|Any CPU
		{30594A0D-E78A-45D8-BBAB-1B355B9AA745}.Ad-Hoc|iPhoneSimulator.Deploy.0 = Debug|Any CPU
		{30594A0D-E78A-45D8-BBAB-1B355B9AA745}.Ad-Hoc|x64.ActiveCfg = Debug|Any CPU
		{30594A0D-E78A-45D8-BBAB-1B355B9AA745}.Ad-Hoc|x64.Build.0 = Debug|Any CPU
		{30594A0D-E78A-45D8-BBAB-1B355B9AA745}.Ad-Hoc|x64.Deploy.0 = Debug|Any CPU
		{30594A0D-E78A-45D8-BBAB-1B355B9AA745}.Ad-Hoc|x86.ActiveCfg = Debug|Any CPU
		{30594A0D-E78A-45D8-BBAB-1B355B9AA745}.Ad-Hoc|x86.Build.0 = Debug|Any CPU
		{30594A0D-E78A-45D8-BBAB-1B355B9AA745}.Ad-Hoc|x86.Deploy.0 = Debug|Any CPU
		{30594A0D-E78A-45D8-BBAB-1B355B9AA745}.AppStore|Any CPU.ActiveCfg = Debug|Any CPU
		{30594A0D-E78A-45D8-BBAB-1B355B9AA745}.AppStore|Any CPU.Build.0 = Debug|Any CPU
		{30594A0D-E78A-45D8-BBAB-1B355B9AA745}.AppStore|Any CPU.Deploy.0 = Debug|Any CPU
		{30594A0D-E78A-45D8-BBAB-1B355B9AA745}.AppStore|ARM.ActiveCfg = Debug|Any CPU
		{30594A0D-E78A-45D8-BBAB-1B355B9AA745}.AppStore|ARM.Build.0 = Debug|Any CPU
		{30594A0D-E78A-45D8-BBAB-1B355B9AA745}.AppStore|ARM.Deploy.0 = Debug|Any CPU
		{30594A0D-E78A-45D8-BBAB-1B355B9AA745}.AppStore|ARM64.ActiveCfg = Debug|Any CPU
		{30594A0D-E78A-45D8-BBAB-1B355B9AA745}.AppStore|ARM64.Build.0 = Debug|Any CPU
		{30594A0D-E78A-45D8-BBAB-1B355B9AA745}.AppStore|ARM64.Deploy.0 = Debug|Any CPU
		{30594A0D-E78A-45D8-BBAB-1B355B9AA745}.AppStore|iPhone.ActiveCfg = Debug|Any CPU
		{30594A0D-E78A-45D8-BBAB-1B355B9AA745}.AppStore|iPhone.Build.0 = Debug|Any CPU
		{30594A0D-E78A-45D8-BBAB-1B355B9AA745}.AppStore|iPhone.Deploy.0 = Debug|Any CPU
		{30594A0D-E78A-45D8-BBAB-1B355B9AA745}.AppStore|iPhoneSimulator.ActiveCfg = Debug|Any CPU
		{30594A0D-E78A-45D8-BBAB-1B355B9AA745}.AppStore|iPhoneSimulator.Build.0 = Debug|Any CPU
		{30594A0D-E78A-45D8-BBAB-1B355B9AA745}.AppStore|iPhoneSimulator.Deploy.0 = Debug|Any CPU
		{30594A0D-E78A-45D8-BBAB-1B355B9AA745}.AppStore|x64.ActiveCfg = Debug|Any CPU
		{30594A0D-E78A-45D8-BBAB-1B355B9AA745}.AppStore|x64.Build.0 = Debug|Any CPU
		{30594A0D-E78A-45D8-BBAB-1B355B9AA745}.AppStore|x64.Deploy.0 = Debug|Any CPU
		{30594A0D-E78A-45D8-BBAB-1B355B9AA745}.AppStore|x86.ActiveCfg = Debug|Any CPU
		{30594A0D-E78A-45D8-BBAB-1B355B9AA745}.AppStore|x86.Build.0 = Debug|Any CPU
		{30594A0D-E78A-45D8-BBAB-1B355B9AA745}.AppStore|x86.Deploy.0 = Debug|Any CPU
		{30594A0D-E78A-45D8-BBAB-1B355B9AA745}.Debug|Any CPU.ActiveCfg = Debug|Any CPU
		{30594A0D-E78A-45D8-BBAB-1B355B9AA745}.Debug|Any CPU.Build.0 = Debug|Any CPU
		{30594A0D-E78A-45D8-BBAB-1B355B9AA745}.Debug|Any CPU.Deploy.0 = Debug|Any CPU
		{30594A0D-E78A-45D8-BBAB-1B355B9AA745}.Debug|ARM.ActiveCfg = Debug|Any CPU
		{30594A0D-E78A-45D8-BBAB-1B355B9AA745}.Debug|ARM.Build.0 = Debug|Any CPU
		{30594A0D-E78A-45D8-BBAB-1B355B9AA745}.Debug|ARM.Deploy.0 = Debug|Any CPU
		{30594A0D-E78A-45D8-BBAB-1B355B9AA745}.Debug|ARM64.ActiveCfg = Debug|Any CPU
		{30594A0D-E78A-45D8-BBAB-1B355B9AA745}.Debug|ARM64.Build.0 = Debug|Any CPU
		{30594A0D-E78A-45D8-BBAB-1B355B9AA745}.Debug|ARM64.Deploy.0 = Debug|Any CPU
		{30594A0D-E78A-45D8-BBAB-1B355B9AA745}.Debug|iPhone.ActiveCfg = Debug|Any CPU
		{30594A0D-E78A-45D8-BBAB-1B355B9AA745}.Debug|iPhone.Build.0 = Debug|Any CPU
		{30594A0D-E78A-45D8-BBAB-1B355B9AA745}.Debug|iPhone.Deploy.0 = Debug|Any CPU
		{30594A0D-E78A-45D8-BBAB-1B355B9AA745}.Debug|iPhoneSimulator.ActiveCfg = Debug|Any CPU
		{30594A0D-E78A-45D8-BBAB-1B355B9AA745}.Debug|iPhoneSimulator.Build.0 = Debug|Any CPU
		{30594A0D-E78A-45D8-BBAB-1B355B9AA745}.Debug|iPhoneSimulator.Deploy.0 = Debug|Any CPU
		{30594A0D-E78A-45D8-BBAB-1B355B9AA745}.Debug|x64.ActiveCfg = Debug|Any CPU
		{30594A0D-E78A-45D8-BBAB-1B355B9AA745}.Debug|x64.Build.0 = Debug|Any CPU
		{30594A0D-E78A-45D8-BBAB-1B355B9AA745}.Debug|x64.Deploy.0 = Debug|Any CPU
		{30594A0D-E78A-45D8-BBAB-1B355B9AA745}.Debug|x86.ActiveCfg = Debug|Any CPU
		{30594A0D-E78A-45D8-BBAB-1B355B9AA745}.Debug|x86.Build.0 = Debug|Any CPU
		{30594A0D-E78A-45D8-BBAB-1B355B9AA745}.Debug|x86.Deploy.0 = Debug|Any CPU
		{30594A0D-E78A-45D8-BBAB-1B355B9AA745}.Release|Any CPU.ActiveCfg = Release|Any CPU
		{30594A0D-E78A-45D8-BBAB-1B355B9AA745}.Release|Any CPU.Build.0 = Release|Any CPU
		{30594A0D-E78A-45D8-BBAB-1B355B9AA745}.Release|Any CPU.Deploy.0 = Release|Any CPU
		{30594A0D-E78A-45D8-BBAB-1B355B9AA745}.Release|ARM.ActiveCfg = Release|Any CPU
		{30594A0D-E78A-45D8-BBAB-1B355B9AA745}.Release|ARM.Build.0 = Release|Any CPU
		{30594A0D-E78A-45D8-BBAB-1B355B9AA745}.Release|ARM.Deploy.0 = Release|Any CPU
		{30594A0D-E78A-45D8-BBAB-1B355B9AA745}.Release|ARM64.ActiveCfg = Release|Any CPU
		{30594A0D-E78A-45D8-BBAB-1B355B9AA745}.Release|ARM64.Build.0 = Release|Any CPU
		{30594A0D-E78A-45D8-BBAB-1B355B9AA745}.Release|ARM64.Deploy.0 = Release|Any CPU
		{30594A0D-E78A-45D8-BBAB-1B355B9AA745}.Release|iPhone.ActiveCfg = Release|Any CPU
		{30594A0D-E78A-45D8-BBAB-1B355B9AA745}.Release|iPhone.Build.0 = Release|Any CPU
		{30594A0D-E78A-45D8-BBAB-1B355B9AA745}.Release|iPhone.Deploy.0 = Release|Any CPU
		{30594A0D-E78A-45D8-BBAB-1B355B9AA745}.Release|iPhoneSimulator.ActiveCfg = Release|Any CPU
		{30594A0D-E78A-45D8-BBAB-1B355B9AA745}.Release|iPhoneSimulator.Build.0 = Release|Any CPU
		{30594A0D-E78A-45D8-BBAB-1B355B9AA745}.Release|iPhoneSimulator.Deploy.0 = Release|Any CPU
		{30594A0D-E78A-45D8-BBAB-1B355B9AA745}.Release|x64.ActiveCfg = Release|Any CPU
		{30594A0D-E78A-45D8-BBAB-1B355B9AA745}.Release|x64.Build.0 = Release|Any CPU
		{30594A0D-E78A-45D8-BBAB-1B355B9AA745}.Release|x64.Deploy.0 = Release|Any CPU
		{30594A0D-E78A-45D8-BBAB-1B355B9AA745}.Release|x86.ActiveCfg = Release|Any CPU
		{30594A0D-E78A-45D8-BBAB-1B355B9AA745}.Release|x86.Build.0 = Release|Any CPU
		{30594A0D-E78A-45D8-BBAB-1B355B9AA745}.Release|x86.Deploy.0 = Release|Any CPU
		{F12B0B30-9B38-4135-BD6C-2DE1C0B34576}.Ad-Hoc|Any CPU.ActiveCfg = Ad-Hoc|iPhoneSimulator
		{F12B0B30-9B38-4135-BD6C-2DE1C0B34576}.Ad-Hoc|ARM.ActiveCfg = Ad-Hoc|iPhoneSimulator
		{F12B0B30-9B38-4135-BD6C-2DE1C0B34576}.Ad-Hoc|ARM64.ActiveCfg = Ad-Hoc|iPhoneSimulator
		{F12B0B30-9B38-4135-BD6C-2DE1C0B34576}.Ad-Hoc|iPhone.ActiveCfg = Ad-Hoc|iPhone
		{F12B0B30-9B38-4135-BD6C-2DE1C0B34576}.Ad-Hoc|iPhone.Build.0 = Ad-Hoc|iPhone
		{F12B0B30-9B38-4135-BD6C-2DE1C0B34576}.Ad-Hoc|iPhoneSimulator.ActiveCfg = Ad-Hoc|iPhoneSimulator
		{F12B0B30-9B38-4135-BD6C-2DE1C0B34576}.Ad-Hoc|iPhoneSimulator.Build.0 = Ad-Hoc|iPhoneSimulator
		{F12B0B30-9B38-4135-BD6C-2DE1C0B34576}.Ad-Hoc|x64.ActiveCfg = Ad-Hoc|iPhoneSimulator
		{F12B0B30-9B38-4135-BD6C-2DE1C0B34576}.Ad-Hoc|x86.ActiveCfg = Ad-Hoc|iPhoneSimulator
		{F12B0B30-9B38-4135-BD6C-2DE1C0B34576}.AppStore|Any CPU.ActiveCfg = AppStore|iPhoneSimulator
		{F12B0B30-9B38-4135-BD6C-2DE1C0B34576}.AppStore|ARM.ActiveCfg = AppStore|iPhoneSimulator
		{F12B0B30-9B38-4135-BD6C-2DE1C0B34576}.AppStore|ARM64.ActiveCfg = AppStore|iPhoneSimulator
		{F12B0B30-9B38-4135-BD6C-2DE1C0B34576}.AppStore|iPhone.ActiveCfg = AppStore|iPhone
		{F12B0B30-9B38-4135-BD6C-2DE1C0B34576}.AppStore|iPhone.Build.0 = AppStore|iPhone
		{F12B0B30-9B38-4135-BD6C-2DE1C0B34576}.AppStore|iPhoneSimulator.ActiveCfg = AppStore|iPhoneSimulator
		{F12B0B30-9B38-4135-BD6C-2DE1C0B34576}.AppStore|iPhoneSimulator.Build.0 = AppStore|iPhoneSimulator
		{F12B0B30-9B38-4135-BD6C-2DE1C0B34576}.AppStore|x64.ActiveCfg = AppStore|iPhoneSimulator
		{F12B0B30-9B38-4135-BD6C-2DE1C0B34576}.AppStore|x86.ActiveCfg = AppStore|iPhoneSimulator
		{F12B0B30-9B38-4135-BD6C-2DE1C0B34576}.Debug|Any CPU.ActiveCfg = Debug|iPhoneSimulator
		{F12B0B30-9B38-4135-BD6C-2DE1C0B34576}.Debug|ARM.ActiveCfg = Debug|iPhoneSimulator
		{F12B0B30-9B38-4135-BD6C-2DE1C0B34576}.Debug|ARM64.ActiveCfg = Debug|iPhoneSimulator
		{F12B0B30-9B38-4135-BD6C-2DE1C0B34576}.Debug|iPhone.ActiveCfg = Debug|iPhone
		{F12B0B30-9B38-4135-BD6C-2DE1C0B34576}.Debug|iPhone.Build.0 = Debug|iPhone
		{F12B0B30-9B38-4135-BD6C-2DE1C0B34576}.Debug|iPhoneSimulator.ActiveCfg = Debug|iPhoneSimulator
		{F12B0B30-9B38-4135-BD6C-2DE1C0B34576}.Debug|iPhoneSimulator.Build.0 = Debug|iPhoneSimulator
		{F12B0B30-9B38-4135-BD6C-2DE1C0B34576}.Debug|x64.ActiveCfg = Debug|iPhoneSimulator
		{F12B0B30-9B38-4135-BD6C-2DE1C0B34576}.Debug|x86.ActiveCfg = Debug|iPhoneSimulator
		{F12B0B30-9B38-4135-BD6C-2DE1C0B34576}.Release|Any CPU.ActiveCfg = Release|iPhoneSimulator
		{F12B0B30-9B38-4135-BD6C-2DE1C0B34576}.Release|ARM.ActiveCfg = Release|iPhoneSimulator
		{F12B0B30-9B38-4135-BD6C-2DE1C0B34576}.Release|ARM64.ActiveCfg = Release|iPhoneSimulator
		{F12B0B30-9B38-4135-BD6C-2DE1C0B34576}.Release|iPhone.ActiveCfg = Release|iPhone
		{F12B0B30-9B38-4135-BD6C-2DE1C0B34576}.Release|iPhone.Build.0 = Release|iPhone
		{F12B0B30-9B38-4135-BD6C-2DE1C0B34576}.Release|iPhoneSimulator.ActiveCfg = Release|iPhoneSimulator
		{F12B0B30-9B38-4135-BD6C-2DE1C0B34576}.Release|iPhoneSimulator.Build.0 = Release|iPhoneSimulator
		{F12B0B30-9B38-4135-BD6C-2DE1C0B34576}.Release|x64.ActiveCfg = Release|iPhoneSimulator
		{F12B0B30-9B38-4135-BD6C-2DE1C0B34576}.Release|x86.ActiveCfg = Release|iPhoneSimulator
		{7EA5073B-62EE-46E0-8638-7855A4106792}.Ad-Hoc|Any CPU.ActiveCfg = Debug|x86
		{7EA5073B-62EE-46E0-8638-7855A4106792}.Ad-Hoc|Any CPU.Build.0 = Debug|x86
		{7EA5073B-62EE-46E0-8638-7855A4106792}.Ad-Hoc|Any CPU.Deploy.0 = Debug|x86
		{7EA5073B-62EE-46E0-8638-7855A4106792}.Ad-Hoc|ARM.ActiveCfg = Debug|ARM
		{7EA5073B-62EE-46E0-8638-7855A4106792}.Ad-Hoc|ARM.Build.0 = Debug|ARM
		{7EA5073B-62EE-46E0-8638-7855A4106792}.Ad-Hoc|ARM.Deploy.0 = Debug|ARM
		{7EA5073B-62EE-46E0-8638-7855A4106792}.Ad-Hoc|ARM64.ActiveCfg = Debug|ARM64
		{7EA5073B-62EE-46E0-8638-7855A4106792}.Ad-Hoc|ARM64.Build.0 = Debug|ARM64
		{7EA5073B-62EE-46E0-8638-7855A4106792}.Ad-Hoc|ARM64.Deploy.0 = Debug|ARM64
		{7EA5073B-62EE-46E0-8638-7855A4106792}.Ad-Hoc|iPhone.ActiveCfg = Debug|x86
		{7EA5073B-62EE-46E0-8638-7855A4106792}.Ad-Hoc|iPhone.Build.0 = Debug|x86
		{7EA5073B-62EE-46E0-8638-7855A4106792}.Ad-Hoc|iPhone.Deploy.0 = Debug|x86
		{7EA5073B-62EE-46E0-8638-7855A4106792}.Ad-Hoc|iPhoneSimulator.ActiveCfg = Debug|x86
		{7EA5073B-62EE-46E0-8638-7855A4106792}.Ad-Hoc|iPhoneSimulator.Build.0 = Debug|x86
		{7EA5073B-62EE-46E0-8638-7855A4106792}.Ad-Hoc|iPhoneSimulator.Deploy.0 = Debug|x86
		{7EA5073B-62EE-46E0-8638-7855A4106792}.Ad-Hoc|x64.ActiveCfg = Debug|x64
		{7EA5073B-62EE-46E0-8638-7855A4106792}.Ad-Hoc|x64.Build.0 = Debug|x64
		{7EA5073B-62EE-46E0-8638-7855A4106792}.Ad-Hoc|x64.Deploy.0 = Debug|x64
		{7EA5073B-62EE-46E0-8638-7855A4106792}.Ad-Hoc|x86.ActiveCfg = Debug|x86
		{7EA5073B-62EE-46E0-8638-7855A4106792}.Ad-Hoc|x86.Build.0 = Debug|x86
		{7EA5073B-62EE-46E0-8638-7855A4106792}.Ad-Hoc|x86.Deploy.0 = Debug|x86
		{7EA5073B-62EE-46E0-8638-7855A4106792}.AppStore|Any CPU.ActiveCfg = Debug|x86
		{7EA5073B-62EE-46E0-8638-7855A4106792}.AppStore|Any CPU.Build.0 = Debug|x86
		{7EA5073B-62EE-46E0-8638-7855A4106792}.AppStore|Any CPU.Deploy.0 = Debug|x86
		{7EA5073B-62EE-46E0-8638-7855A4106792}.AppStore|ARM.ActiveCfg = Debug|ARM
		{7EA5073B-62EE-46E0-8638-7855A4106792}.AppStore|ARM.Build.0 = Debug|ARM
		{7EA5073B-62EE-46E0-8638-7855A4106792}.AppStore|ARM.Deploy.0 = Debug|ARM
		{7EA5073B-62EE-46E0-8638-7855A4106792}.AppStore|ARM64.ActiveCfg = Debug|ARM64
		{7EA5073B-62EE-46E0-8638-7855A4106792}.AppStore|ARM64.Build.0 = Debug|ARM64
		{7EA5073B-62EE-46E0-8638-7855A4106792}.AppStore|ARM64.Deploy.0 = Debug|ARM64
		{7EA5073B-62EE-46E0-8638-7855A4106792}.AppStore|iPhone.ActiveCfg = Debug|x86
		{7EA5073B-62EE-46E0-8638-7855A4106792}.AppStore|iPhone.Build.0 = Debug|x86
		{7EA5073B-62EE-46E0-8638-7855A4106792}.AppStore|iPhone.Deploy.0 = Debug|x86
		{7EA5073B-62EE-46E0-8638-7855A4106792}.AppStore|iPhoneSimulator.ActiveCfg = Debug|x86
		{7EA5073B-62EE-46E0-8638-7855A4106792}.AppStore|iPhoneSimulator.Build.0 = Debug|x86
		{7EA5073B-62EE-46E0-8638-7855A4106792}.AppStore|iPhoneSimulator.Deploy.0 = Debug|x86
		{7EA5073B-62EE-46E0-8638-7855A4106792}.AppStore|x64.ActiveCfg = Debug|x64
		{7EA5073B-62EE-46E0-8638-7855A4106792}.AppStore|x64.Build.0 = Debug|x64
		{7EA5073B-62EE-46E0-8638-7855A4106792}.AppStore|x64.Deploy.0 = Debug|x64
		{7EA5073B-62EE-46E0-8638-7855A4106792}.AppStore|x86.ActiveCfg = Debug|x86
		{7EA5073B-62EE-46E0-8638-7855A4106792}.AppStore|x86.Build.0 = Debug|x86
		{7EA5073B-62EE-46E0-8638-7855A4106792}.AppStore|x86.Deploy.0 = Debug|x86
		{7EA5073B-62EE-46E0-8638-7855A4106792}.Debug|Any CPU.ActiveCfg = Debug|x86
		{7EA5073B-62EE-46E0-8638-7855A4106792}.Debug|Any CPU.Build.0 = Debug|x86
		{7EA5073B-62EE-46E0-8638-7855A4106792}.Debug|Any CPU.Deploy.0 = Debug|x86
		{7EA5073B-62EE-46E0-8638-7855A4106792}.Debug|ARM.ActiveCfg = Debug|ARM
		{7EA5073B-62EE-46E0-8638-7855A4106792}.Debug|ARM.Build.0 = Debug|ARM
		{7EA5073B-62EE-46E0-8638-7855A4106792}.Debug|ARM.Deploy.0 = Debug|ARM
		{7EA5073B-62EE-46E0-8638-7855A4106792}.Debug|ARM64.ActiveCfg = Debug|ARM64
		{7EA5073B-62EE-46E0-8638-7855A4106792}.Debug|ARM64.Build.0 = Debug|ARM64
		{7EA5073B-62EE-46E0-8638-7855A4106792}.Debug|ARM64.Deploy.0 = Debug|ARM64
		{7EA5073B-62EE-46E0-8638-7855A4106792}.Debug|iPhone.ActiveCfg = Debug|x86
		{7EA5073B-62EE-46E0-8638-7855A4106792}.Debug|iPhoneSimulator.ActiveCfg = Debug|x86
		{7EA5073B-62EE-46E0-8638-7855A4106792}.Debug|x64.ActiveCfg = Debug|x64
		{7EA5073B-62EE-46E0-8638-7855A4106792}.Debug|x64.Build.0 = Debug|x64
		{7EA5073B-62EE-46E0-8638-7855A4106792}.Debug|x64.Deploy.0 = Debug|x64
		{7EA5073B-62EE-46E0-8638-7855A4106792}.Debug|x86.ActiveCfg = Debug|x86
		{7EA5073B-62EE-46E0-8638-7855A4106792}.Debug|x86.Build.0 = Debug|x86
		{7EA5073B-62EE-46E0-8638-7855A4106792}.Debug|x86.Deploy.0 = Debug|x86
		{7EA5073B-62EE-46E0-8638-7855A4106792}.Release|Any CPU.ActiveCfg = Release|x86
		{7EA5073B-62EE-46E0-8638-7855A4106792}.Release|ARM.ActiveCfg = Release|ARM
		{7EA5073B-62EE-46E0-8638-7855A4106792}.Release|ARM.Build.0 = Release|ARM
		{7EA5073B-62EE-46E0-8638-7855A4106792}.Release|ARM.Deploy.0 = Release|ARM
		{7EA5073B-62EE-46E0-8638-7855A4106792}.Release|ARM64.ActiveCfg = Release|ARM64
		{7EA5073B-62EE-46E0-8638-7855A4106792}.Release|ARM64.Build.0 = Release|ARM64
		{7EA5073B-62EE-46E0-8638-7855A4106792}.Release|ARM64.Deploy.0 = Release|ARM64
		{7EA5073B-62EE-46E0-8638-7855A4106792}.Release|iPhone.ActiveCfg = Release|x86
		{7EA5073B-62EE-46E0-8638-7855A4106792}.Release|iPhoneSimulator.ActiveCfg = Release|x86
		{7EA5073B-62EE-46E0-8638-7855A4106792}.Release|x64.ActiveCfg = Release|x64
		{7EA5073B-62EE-46E0-8638-7855A4106792}.Release|x64.Build.0 = Release|x64
		{7EA5073B-62EE-46E0-8638-7855A4106792}.Release|x64.Deploy.0 = Release|x64
		{7EA5073B-62EE-46E0-8638-7855A4106792}.Release|x86.ActiveCfg = Release|x86
		{7EA5073B-62EE-46E0-8638-7855A4106792}.Release|x86.Build.0 = Release|x86
		{7EA5073B-62EE-46E0-8638-7855A4106792}.Release|x86.Deploy.0 = Release|x86
		{CC0E9F95-05B6-4B7E-BE26-B21FC1EC3A9E}.Ad-Hoc|Any CPU.ActiveCfg = Debug|Any CPU
		{CC0E9F95-05B6-4B7E-BE26-B21FC1EC3A9E}.Ad-Hoc|Any CPU.Build.0 = Debug|Any CPU
		{CC0E9F95-05B6-4B7E-BE26-B21FC1EC3A9E}.Ad-Hoc|ARM.ActiveCfg = Debug|Any CPU
		{CC0E9F95-05B6-4B7E-BE26-B21FC1EC3A9E}.Ad-Hoc|ARM.Build.0 = Debug|Any CPU
		{CC0E9F95-05B6-4B7E-BE26-B21FC1EC3A9E}.Ad-Hoc|ARM64.ActiveCfg = Debug|Any CPU
		{CC0E9F95-05B6-4B7E-BE26-B21FC1EC3A9E}.Ad-Hoc|ARM64.Build.0 = Debug|Any CPU
		{CC0E9F95-05B6-4B7E-BE26-B21FC1EC3A9E}.Ad-Hoc|iPhone.ActiveCfg = Debug|Any CPU
		{CC0E9F95-05B6-4B7E-BE26-B21FC1EC3A9E}.Ad-Hoc|iPhone.Build.0 = Debug|Any CPU
		{CC0E9F95-05B6-4B7E-BE26-B21FC1EC3A9E}.Ad-Hoc|iPhoneSimulator.ActiveCfg = Debug|Any CPU
		{CC0E9F95-05B6-4B7E-BE26-B21FC1EC3A9E}.Ad-Hoc|iPhoneSimulator.Build.0 = Debug|Any CPU
		{CC0E9F95-05B6-4B7E-BE26-B21FC1EC3A9E}.Ad-Hoc|x64.ActiveCfg = Debug|Any CPU
		{CC0E9F95-05B6-4B7E-BE26-B21FC1EC3A9E}.Ad-Hoc|x64.Build.0 = Debug|Any CPU
		{CC0E9F95-05B6-4B7E-BE26-B21FC1EC3A9E}.Ad-Hoc|x86.ActiveCfg = Debug|Any CPU
		{CC0E9F95-05B6-4B7E-BE26-B21FC1EC3A9E}.Ad-Hoc|x86.Build.0 = Debug|Any CPU
		{CC0E9F95-05B6-4B7E-BE26-B21FC1EC3A9E}.AppStore|Any CPU.ActiveCfg = Debug|Any CPU
		{CC0E9F95-05B6-4B7E-BE26-B21FC1EC3A9E}.AppStore|Any CPU.Build.0 = Debug|Any CPU
		{CC0E9F95-05B6-4B7E-BE26-B21FC1EC3A9E}.AppStore|ARM.ActiveCfg = Debug|Any CPU
		{CC0E9F95-05B6-4B7E-BE26-B21FC1EC3A9E}.AppStore|ARM.Build.0 = Debug|Any CPU
		{CC0E9F95-05B6-4B7E-BE26-B21FC1EC3A9E}.AppStore|ARM64.ActiveCfg = Debug|Any CPU
		{CC0E9F95-05B6-4B7E-BE26-B21FC1EC3A9E}.AppStore|ARM64.Build.0 = Debug|Any CPU
		{CC0E9F95-05B6-4B7E-BE26-B21FC1EC3A9E}.AppStore|iPhone.ActiveCfg = Debug|Any CPU
		{CC0E9F95-05B6-4B7E-BE26-B21FC1EC3A9E}.AppStore|iPhone.Build.0 = Debug|Any CPU
		{CC0E9F95-05B6-4B7E-BE26-B21FC1EC3A9E}.AppStore|iPhoneSimulator.ActiveCfg = Debug|Any CPU
		{CC0E9F95-05B6-4B7E-BE26-B21FC1EC3A9E}.AppStore|iPhoneSimulator.Build.0 = Debug|Any CPU
		{CC0E9F95-05B6-4B7E-BE26-B21FC1EC3A9E}.AppStore|x64.ActiveCfg = Debug|Any CPU
		{CC0E9F95-05B6-4B7E-BE26-B21FC1EC3A9E}.AppStore|x64.Build.0 = Debug|Any CPU
		{CC0E9F95-05B6-4B7E-BE26-B21FC1EC3A9E}.AppStore|x86.ActiveCfg = Debug|Any CPU
		{CC0E9F95-05B6-4B7E-BE26-B21FC1EC3A9E}.AppStore|x86.Build.0 = Debug|Any CPU
		{CC0E9F95-05B6-4B7E-BE26-B21FC1EC3A9E}.Debug|Any CPU.ActiveCfg = Debug|Any CPU
		{CC0E9F95-05B6-4B7E-BE26-B21FC1EC3A9E}.Debug|Any CPU.Build.0 = Debug|Any CPU
		{CC0E9F95-05B6-4B7E-BE26-B21FC1EC3A9E}.Debug|ARM.ActiveCfg = Debug|Any CPU
		{CC0E9F95-05B6-4B7E-BE26-B21FC1EC3A9E}.Debug|ARM.Build.0 = Debug|Any CPU
		{CC0E9F95-05B6-4B7E-BE26-B21FC1EC3A9E}.Debug|ARM64.ActiveCfg = Debug|Any CPU
		{CC0E9F95-05B6-4B7E-BE26-B21FC1EC3A9E}.Debug|ARM64.Build.0 = Debug|Any CPU
		{CC0E9F95-05B6-4B7E-BE26-B21FC1EC3A9E}.Debug|iPhone.ActiveCfg = Debug|Any CPU
		{CC0E9F95-05B6-4B7E-BE26-B21FC1EC3A9E}.Debug|iPhone.Build.0 = Debug|Any CPU
		{CC0E9F95-05B6-4B7E-BE26-B21FC1EC3A9E}.Debug|iPhoneSimulator.ActiveCfg = Debug|Any CPU
		{CC0E9F95-05B6-4B7E-BE26-B21FC1EC3A9E}.Debug|iPhoneSimulator.Build.0 = Debug|Any CPU
		{CC0E9F95-05B6-4B7E-BE26-B21FC1EC3A9E}.Debug|x64.ActiveCfg = Debug|Any CPU
		{CC0E9F95-05B6-4B7E-BE26-B21FC1EC3A9E}.Debug|x64.Build.0 = Debug|Any CPU
		{CC0E9F95-05B6-4B7E-BE26-B21FC1EC3A9E}.Debug|x86.ActiveCfg = Debug|Any CPU
		{CC0E9F95-05B6-4B7E-BE26-B21FC1EC3A9E}.Debug|x86.Build.0 = Debug|Any CPU
		{CC0E9F95-05B6-4B7E-BE26-B21FC1EC3A9E}.Release|Any CPU.ActiveCfg = Release|Any CPU
		{CC0E9F95-05B6-4B7E-BE26-B21FC1EC3A9E}.Release|Any CPU.Build.0 = Release|Any CPU
		{CC0E9F95-05B6-4B7E-BE26-B21FC1EC3A9E}.Release|ARM.ActiveCfg = Release|Any CPU
		{CC0E9F95-05B6-4B7E-BE26-B21FC1EC3A9E}.Release|ARM.Build.0 = Release|Any CPU
		{CC0E9F95-05B6-4B7E-BE26-B21FC1EC3A9E}.Release|ARM64.ActiveCfg = Release|Any CPU
		{CC0E9F95-05B6-4B7E-BE26-B21FC1EC3A9E}.Release|ARM64.Build.0 = Release|Any CPU
		{CC0E9F95-05B6-4B7E-BE26-B21FC1EC3A9E}.Release|iPhone.ActiveCfg = Release|Any CPU
		{CC0E9F95-05B6-4B7E-BE26-B21FC1EC3A9E}.Release|iPhone.Build.0 = Release|Any CPU
		{CC0E9F95-05B6-4B7E-BE26-B21FC1EC3A9E}.Release|iPhoneSimulator.ActiveCfg = Release|Any CPU
		{CC0E9F95-05B6-4B7E-BE26-B21FC1EC3A9E}.Release|iPhoneSimulator.Build.0 = Release|Any CPU
		{CC0E9F95-05B6-4B7E-BE26-B21FC1EC3A9E}.Release|x64.ActiveCfg = Release|Any CPU
		{CC0E9F95-05B6-4B7E-BE26-B21FC1EC3A9E}.Release|x64.Build.0 = Release|Any CPU
		{CC0E9F95-05B6-4B7E-BE26-B21FC1EC3A9E}.Release|x86.ActiveCfg = Release|Any CPU
		{CC0E9F95-05B6-4B7E-BE26-B21FC1EC3A9E}.Release|x86.Build.0 = Release|Any CPU
		{202A2816-496D-40CA-BC9E-9739B230E193}.Ad-Hoc|Any CPU.ActiveCfg = Debug|iPhoneSimulator
		{202A2816-496D-40CA-BC9E-9739B230E193}.Ad-Hoc|Any CPU.Build.0 = Debug|iPhoneSimulator
		{202A2816-496D-40CA-BC9E-9739B230E193}.Ad-Hoc|ARM.ActiveCfg = Debug|iPhoneSimulator
		{202A2816-496D-40CA-BC9E-9739B230E193}.Ad-Hoc|ARM.Build.0 = Debug|iPhoneSimulator
		{202A2816-496D-40CA-BC9E-9739B230E193}.Ad-Hoc|ARM64.ActiveCfg = Debug|iPhoneSimulator
		{202A2816-496D-40CA-BC9E-9739B230E193}.Ad-Hoc|ARM64.Build.0 = Debug|iPhoneSimulator
		{202A2816-496D-40CA-BC9E-9739B230E193}.Ad-Hoc|iPhone.ActiveCfg = Debug|iPhoneSimulator
		{202A2816-496D-40CA-BC9E-9739B230E193}.Ad-Hoc|iPhone.Build.0 = Debug|iPhoneSimulator
		{202A2816-496D-40CA-BC9E-9739B230E193}.Ad-Hoc|iPhoneSimulator.ActiveCfg = Debug|iPhoneSimulator
		{202A2816-496D-40CA-BC9E-9739B230E193}.Ad-Hoc|iPhoneSimulator.Build.0 = Debug|iPhoneSimulator
		{202A2816-496D-40CA-BC9E-9739B230E193}.Ad-Hoc|x64.ActiveCfg = Debug|iPhoneSimulator
		{202A2816-496D-40CA-BC9E-9739B230E193}.Ad-Hoc|x64.Build.0 = Debug|iPhoneSimulator
		{202A2816-496D-40CA-BC9E-9739B230E193}.Ad-Hoc|x86.ActiveCfg = Debug|iPhoneSimulator
		{202A2816-496D-40CA-BC9E-9739B230E193}.Ad-Hoc|x86.Build.0 = Debug|iPhoneSimulator
		{202A2816-496D-40CA-BC9E-9739B230E193}.AppStore|Any CPU.ActiveCfg = Debug|iPhoneSimulator
		{202A2816-496D-40CA-BC9E-9739B230E193}.AppStore|Any CPU.Build.0 = Debug|iPhoneSimulator
		{202A2816-496D-40CA-BC9E-9739B230E193}.AppStore|ARM.ActiveCfg = Debug|iPhoneSimulator
		{202A2816-496D-40CA-BC9E-9739B230E193}.AppStore|ARM.Build.0 = Debug|iPhoneSimulator
		{202A2816-496D-40CA-BC9E-9739B230E193}.AppStore|ARM64.ActiveCfg = Debug|iPhoneSimulator
		{202A2816-496D-40CA-BC9E-9739B230E193}.AppStore|ARM64.Build.0 = Debug|iPhoneSimulator
		{202A2816-496D-40CA-BC9E-9739B230E193}.AppStore|iPhone.ActiveCfg = Debug|iPhoneSimulator
		{202A2816-496D-40CA-BC9E-9739B230E193}.AppStore|iPhone.Build.0 = Debug|iPhoneSimulator
		{202A2816-496D-40CA-BC9E-9739B230E193}.AppStore|iPhoneSimulator.ActiveCfg = Debug|iPhoneSimulator
		{202A2816-496D-40CA-BC9E-9739B230E193}.AppStore|iPhoneSimulator.Build.0 = Debug|iPhoneSimulator
		{202A2816-496D-40CA-BC9E-9739B230E193}.AppStore|x64.ActiveCfg = Debug|iPhoneSimulator
		{202A2816-496D-40CA-BC9E-9739B230E193}.AppStore|x64.Build.0 = Debug|iPhoneSimulator
		{202A2816-496D-40CA-BC9E-9739B230E193}.AppStore|x86.ActiveCfg = Debug|iPhoneSimulator
		{202A2816-496D-40CA-BC9E-9739B230E193}.AppStore|x86.Build.0 = Debug|iPhoneSimulator
		{202A2816-496D-40CA-BC9E-9739B230E193}.Debug|Any CPU.ActiveCfg = Debug|iPhoneSimulator
		{202A2816-496D-40CA-BC9E-9739B230E193}.Debug|ARM.ActiveCfg = Debug|iPhoneSimulator
		{202A2816-496D-40CA-BC9E-9739B230E193}.Debug|ARM64.ActiveCfg = Debug|iPhoneSimulator
		{202A2816-496D-40CA-BC9E-9739B230E193}.Debug|iPhone.ActiveCfg = Debug|iPhoneSimulator
		{202A2816-496D-40CA-BC9E-9739B230E193}.Debug|iPhoneSimulator.ActiveCfg = Debug|iPhoneSimulator
		{202A2816-496D-40CA-BC9E-9739B230E193}.Debug|iPhoneSimulator.Build.0 = Debug|iPhoneSimulator
		{202A2816-496D-40CA-BC9E-9739B230E193}.Debug|x64.ActiveCfg = Debug|iPhoneSimulator
		{202A2816-496D-40CA-BC9E-9739B230E193}.Debug|x86.ActiveCfg = Debug|iPhoneSimulator
		{202A2816-496D-40CA-BC9E-9739B230E193}.Release|Any CPU.ActiveCfg = Release|iPhoneSimulator
		{202A2816-496D-40CA-BC9E-9739B230E193}.Release|ARM.ActiveCfg = Release|iPhoneSimulator
		{202A2816-496D-40CA-BC9E-9739B230E193}.Release|ARM64.ActiveCfg = Release|iPhoneSimulator
		{202A2816-496D-40CA-BC9E-9739B230E193}.Release|iPhone.ActiveCfg = Release|iPhoneSimulator
		{202A2816-496D-40CA-BC9E-9739B230E193}.Release|iPhoneSimulator.ActiveCfg = Release|iPhoneSimulator
		{202A2816-496D-40CA-BC9E-9739B230E193}.Release|iPhoneSimulator.Build.0 = Release|iPhoneSimulator
		{202A2816-496D-40CA-BC9E-9739B230E193}.Release|x64.ActiveCfg = Release|iPhoneSimulator
		{202A2816-496D-40CA-BC9E-9739B230E193}.Release|x86.ActiveCfg = Release|iPhoneSimulator
		{8CB95B48-C0BB-44CD-A9C4-D65222BE09EA}.Ad-Hoc|Any CPU.ActiveCfg = Debug|Any CPU
		{8CB95B48-C0BB-44CD-A9C4-D65222BE09EA}.Ad-Hoc|Any CPU.Build.0 = Debug|Any CPU
		{8CB95B48-C0BB-44CD-A9C4-D65222BE09EA}.Ad-Hoc|ARM.ActiveCfg = Debug|Any CPU
		{8CB95B48-C0BB-44CD-A9C4-D65222BE09EA}.Ad-Hoc|ARM.Build.0 = Debug|Any CPU
		{8CB95B48-C0BB-44CD-A9C4-D65222BE09EA}.Ad-Hoc|ARM64.ActiveCfg = Debug|Any CPU
		{8CB95B48-C0BB-44CD-A9C4-D65222BE09EA}.Ad-Hoc|ARM64.Build.0 = Debug|Any CPU
		{8CB95B48-C0BB-44CD-A9C4-D65222BE09EA}.Ad-Hoc|iPhone.ActiveCfg = Debug|Any CPU
		{8CB95B48-C0BB-44CD-A9C4-D65222BE09EA}.Ad-Hoc|iPhone.Build.0 = Debug|Any CPU
		{8CB95B48-C0BB-44CD-A9C4-D65222BE09EA}.Ad-Hoc|iPhoneSimulator.ActiveCfg = Debug|Any CPU
		{8CB95B48-C0BB-44CD-A9C4-D65222BE09EA}.Ad-Hoc|iPhoneSimulator.Build.0 = Debug|Any CPU
		{8CB95B48-C0BB-44CD-A9C4-D65222BE09EA}.Ad-Hoc|x64.ActiveCfg = Debug|Any CPU
		{8CB95B48-C0BB-44CD-A9C4-D65222BE09EA}.Ad-Hoc|x64.Build.0 = Debug|Any CPU
		{8CB95B48-C0BB-44CD-A9C4-D65222BE09EA}.Ad-Hoc|x86.ActiveCfg = Debug|Any CPU
		{8CB95B48-C0BB-44CD-A9C4-D65222BE09EA}.Ad-Hoc|x86.Build.0 = Debug|Any CPU
		{8CB95B48-C0BB-44CD-A9C4-D65222BE09EA}.AppStore|Any CPU.ActiveCfg = Debug|Any CPU
		{8CB95B48-C0BB-44CD-A9C4-D65222BE09EA}.AppStore|Any CPU.Build.0 = Debug|Any CPU
		{8CB95B48-C0BB-44CD-A9C4-D65222BE09EA}.AppStore|ARM.ActiveCfg = Debug|Any CPU
		{8CB95B48-C0BB-44CD-A9C4-D65222BE09EA}.AppStore|ARM.Build.0 = Debug|Any CPU
		{8CB95B48-C0BB-44CD-A9C4-D65222BE09EA}.AppStore|ARM64.ActiveCfg = Debug|Any CPU
		{8CB95B48-C0BB-44CD-A9C4-D65222BE09EA}.AppStore|ARM64.Build.0 = Debug|Any CPU
		{8CB95B48-C0BB-44CD-A9C4-D65222BE09EA}.AppStore|iPhone.ActiveCfg = Debug|Any CPU
		{8CB95B48-C0BB-44CD-A9C4-D65222BE09EA}.AppStore|iPhone.Build.0 = Debug|Any CPU
		{8CB95B48-C0BB-44CD-A9C4-D65222BE09EA}.AppStore|iPhoneSimulator.ActiveCfg = Debug|Any CPU
		{8CB95B48-C0BB-44CD-A9C4-D65222BE09EA}.AppStore|iPhoneSimulator.Build.0 = Debug|Any CPU
		{8CB95B48-C0BB-44CD-A9C4-D65222BE09EA}.AppStore|x64.ActiveCfg = Debug|Any CPU
		{8CB95B48-C0BB-44CD-A9C4-D65222BE09EA}.AppStore|x64.Build.0 = Debug|Any CPU
		{8CB95B48-C0BB-44CD-A9C4-D65222BE09EA}.AppStore|x86.ActiveCfg = Debug|Any CPU
		{8CB95B48-C0BB-44CD-A9C4-D65222BE09EA}.AppStore|x86.Build.0 = Debug|Any CPU
		{8CB95B48-C0BB-44CD-A9C4-D65222BE09EA}.Debug|Any CPU.ActiveCfg = Debug|Any CPU
		{8CB95B48-C0BB-44CD-A9C4-D65222BE09EA}.Debug|Any CPU.Build.0 = Debug|Any CPU
		{8CB95B48-C0BB-44CD-A9C4-D65222BE09EA}.Debug|ARM.ActiveCfg = Debug|Any CPU
		{8CB95B48-C0BB-44CD-A9C4-D65222BE09EA}.Debug|ARM.Build.0 = Debug|Any CPU
		{8CB95B48-C0BB-44CD-A9C4-D65222BE09EA}.Debug|ARM64.ActiveCfg = Debug|Any CPU
		{8CB95B48-C0BB-44CD-A9C4-D65222BE09EA}.Debug|ARM64.Build.0 = Debug|Any CPU
		{8CB95B48-C0BB-44CD-A9C4-D65222BE09EA}.Debug|iPhone.ActiveCfg = Debug|Any CPU
		{8CB95B48-C0BB-44CD-A9C4-D65222BE09EA}.Debug|iPhone.Build.0 = Debug|Any CPU
		{8CB95B48-C0BB-44CD-A9C4-D65222BE09EA}.Debug|iPhoneSimulator.ActiveCfg = Debug|Any CPU
		{8CB95B48-C0BB-44CD-A9C4-D65222BE09EA}.Debug|iPhoneSimulator.Build.0 = Debug|Any CPU
		{8CB95B48-C0BB-44CD-A9C4-D65222BE09EA}.Debug|x64.ActiveCfg = Debug|Any CPU
		{8CB95B48-C0BB-44CD-A9C4-D65222BE09EA}.Debug|x64.Build.0 = Debug|Any CPU
		{8CB95B48-C0BB-44CD-A9C4-D65222BE09EA}.Debug|x86.ActiveCfg = Debug|Any CPU
		{8CB95B48-C0BB-44CD-A9C4-D65222BE09EA}.Debug|x86.Build.0 = Debug|Any CPU
		{8CB95B48-C0BB-44CD-A9C4-D65222BE09EA}.Release|Any CPU.ActiveCfg = Release|Any CPU
		{8CB95B48-C0BB-44CD-A9C4-D65222BE09EA}.Release|Any CPU.Build.0 = Release|Any CPU
		{8CB95B48-C0BB-44CD-A9C4-D65222BE09EA}.Release|ARM.ActiveCfg = Release|Any CPU
		{8CB95B48-C0BB-44CD-A9C4-D65222BE09EA}.Release|ARM.Build.0 = Release|Any CPU
		{8CB95B48-C0BB-44CD-A9C4-D65222BE09EA}.Release|ARM64.ActiveCfg = Release|Any CPU
		{8CB95B48-C0BB-44CD-A9C4-D65222BE09EA}.Release|ARM64.Build.0 = Release|Any CPU
		{8CB95B48-C0BB-44CD-A9C4-D65222BE09EA}.Release|iPhone.ActiveCfg = Release|Any CPU
		{8CB95B48-C0BB-44CD-A9C4-D65222BE09EA}.Release|iPhone.Build.0 = Release|Any CPU
		{8CB95B48-C0BB-44CD-A9C4-D65222BE09EA}.Release|iPhoneSimulator.ActiveCfg = Release|Any CPU
		{8CB95B48-C0BB-44CD-A9C4-D65222BE09EA}.Release|iPhoneSimulator.Build.0 = Release|Any CPU
		{8CB95B48-C0BB-44CD-A9C4-D65222BE09EA}.Release|x64.ActiveCfg = Release|Any CPU
		{8CB95B48-C0BB-44CD-A9C4-D65222BE09EA}.Release|x64.Build.0 = Release|Any CPU
		{8CB95B48-C0BB-44CD-A9C4-D65222BE09EA}.Release|x86.ActiveCfg = Release|Any CPU
		{8CB95B48-C0BB-44CD-A9C4-D65222BE09EA}.Release|x86.Build.0 = Release|Any CPU
		{B9FC0600-C564-40B7-9E1B-A015E0B6731A}.Ad-Hoc|Any CPU.ActiveCfg = Debug|Any CPU
		{B9FC0600-C564-40B7-9E1B-A015E0B6731A}.Ad-Hoc|Any CPU.Build.0 = Debug|Any CPU
		{B9FC0600-C564-40B7-9E1B-A015E0B6731A}.Ad-Hoc|ARM.ActiveCfg = Debug|Any CPU
		{B9FC0600-C564-40B7-9E1B-A015E0B6731A}.Ad-Hoc|ARM.Build.0 = Debug|Any CPU
		{B9FC0600-C564-40B7-9E1B-A015E0B6731A}.Ad-Hoc|ARM64.ActiveCfg = Debug|Any CPU
		{B9FC0600-C564-40B7-9E1B-A015E0B6731A}.Ad-Hoc|ARM64.Build.0 = Debug|Any CPU
		{B9FC0600-C564-40B7-9E1B-A015E0B6731A}.Ad-Hoc|iPhone.ActiveCfg = Debug|Any CPU
		{B9FC0600-C564-40B7-9E1B-A015E0B6731A}.Ad-Hoc|iPhone.Build.0 = Debug|Any CPU
		{B9FC0600-C564-40B7-9E1B-A015E0B6731A}.Ad-Hoc|iPhoneSimulator.ActiveCfg = Debug|Any CPU
		{B9FC0600-C564-40B7-9E1B-A015E0B6731A}.Ad-Hoc|iPhoneSimulator.Build.0 = Debug|Any CPU
		{B9FC0600-C564-40B7-9E1B-A015E0B6731A}.Ad-Hoc|x64.ActiveCfg = Debug|Any CPU
		{B9FC0600-C564-40B7-9E1B-A015E0B6731A}.Ad-Hoc|x64.Build.0 = Debug|Any CPU
		{B9FC0600-C564-40B7-9E1B-A015E0B6731A}.Ad-Hoc|x86.ActiveCfg = Debug|Any CPU
		{B9FC0600-C564-40B7-9E1B-A015E0B6731A}.Ad-Hoc|x86.Build.0 = Debug|Any CPU
		{B9FC0600-C564-40B7-9E1B-A015E0B6731A}.AppStore|Any CPU.ActiveCfg = Debug|Any CPU
		{B9FC0600-C564-40B7-9E1B-A015E0B6731A}.AppStore|Any CPU.Build.0 = Debug|Any CPU
		{B9FC0600-C564-40B7-9E1B-A015E0B6731A}.AppStore|ARM.ActiveCfg = Debug|Any CPU
		{B9FC0600-C564-40B7-9E1B-A015E0B6731A}.AppStore|ARM.Build.0 = Debug|Any CPU
		{B9FC0600-C564-40B7-9E1B-A015E0B6731A}.AppStore|ARM64.ActiveCfg = Debug|Any CPU
		{B9FC0600-C564-40B7-9E1B-A015E0B6731A}.AppStore|ARM64.Build.0 = Debug|Any CPU
		{B9FC0600-C564-40B7-9E1B-A015E0B6731A}.AppStore|iPhone.ActiveCfg = Debug|Any CPU
		{B9FC0600-C564-40B7-9E1B-A015E0B6731A}.AppStore|iPhone.Build.0 = Debug|Any CPU
		{B9FC0600-C564-40B7-9E1B-A015E0B6731A}.AppStore|iPhoneSimulator.ActiveCfg = Debug|Any CPU
		{B9FC0600-C564-40B7-9E1B-A015E0B6731A}.AppStore|iPhoneSimulator.Build.0 = Debug|Any CPU
		{B9FC0600-C564-40B7-9E1B-A015E0B6731A}.AppStore|x64.ActiveCfg = Debug|Any CPU
		{B9FC0600-C564-40B7-9E1B-A015E0B6731A}.AppStore|x64.Build.0 = Debug|Any CPU
		{B9FC0600-C564-40B7-9E1B-A015E0B6731A}.AppStore|x86.ActiveCfg = Debug|Any CPU
		{B9FC0600-C564-40B7-9E1B-A015E0B6731A}.AppStore|x86.Build.0 = Debug|Any CPU
		{B9FC0600-C564-40B7-9E1B-A015E0B6731A}.Debug|Any CPU.ActiveCfg = Debug|Any CPU
		{B9FC0600-C564-40B7-9E1B-A015E0B6731A}.Debug|Any CPU.Build.0 = Debug|Any CPU
		{B9FC0600-C564-40B7-9E1B-A015E0B6731A}.Debug|ARM.ActiveCfg = Debug|Any CPU
		{B9FC0600-C564-40B7-9E1B-A015E0B6731A}.Debug|ARM.Build.0 = Debug|Any CPU
		{B9FC0600-C564-40B7-9E1B-A015E0B6731A}.Debug|ARM64.ActiveCfg = Debug|Any CPU
		{B9FC0600-C564-40B7-9E1B-A015E0B6731A}.Debug|ARM64.Build.0 = Debug|Any CPU
		{B9FC0600-C564-40B7-9E1B-A015E0B6731A}.Debug|iPhone.ActiveCfg = Debug|Any CPU
		{B9FC0600-C564-40B7-9E1B-A015E0B6731A}.Debug|iPhone.Build.0 = Debug|Any CPU
		{B9FC0600-C564-40B7-9E1B-A015E0B6731A}.Debug|iPhoneSimulator.ActiveCfg = Debug|Any CPU
		{B9FC0600-C564-40B7-9E1B-A015E0B6731A}.Debug|iPhoneSimulator.Build.0 = Debug|Any CPU
		{B9FC0600-C564-40B7-9E1B-A015E0B6731A}.Debug|x64.ActiveCfg = Debug|Any CPU
		{B9FC0600-C564-40B7-9E1B-A015E0B6731A}.Debug|x64.Build.0 = Debug|Any CPU
		{B9FC0600-C564-40B7-9E1B-A015E0B6731A}.Debug|x86.ActiveCfg = Debug|Any CPU
		{B9FC0600-C564-40B7-9E1B-A015E0B6731A}.Debug|x86.Build.0 = Debug|Any CPU
		{B9FC0600-C564-40B7-9E1B-A015E0B6731A}.Release|Any CPU.ActiveCfg = Release|Any CPU
		{B9FC0600-C564-40B7-9E1B-A015E0B6731A}.Release|Any CPU.Build.0 = Release|Any CPU
		{B9FC0600-C564-40B7-9E1B-A015E0B6731A}.Release|ARM.ActiveCfg = Release|Any CPU
		{B9FC0600-C564-40B7-9E1B-A015E0B6731A}.Release|ARM.Build.0 = Release|Any CPU
		{B9FC0600-C564-40B7-9E1B-A015E0B6731A}.Release|ARM64.ActiveCfg = Release|Any CPU
		{B9FC0600-C564-40B7-9E1B-A015E0B6731A}.Release|ARM64.Build.0 = Release|Any CPU
		{B9FC0600-C564-40B7-9E1B-A015E0B6731A}.Release|iPhone.ActiveCfg = Release|Any CPU
		{B9FC0600-C564-40B7-9E1B-A015E0B6731A}.Release|iPhone.Build.0 = Release|Any CPU
		{B9FC0600-C564-40B7-9E1B-A015E0B6731A}.Release|iPhoneSimulator.ActiveCfg = Release|Any CPU
		{B9FC0600-C564-40B7-9E1B-A015E0B6731A}.Release|iPhoneSimulator.Build.0 = Release|Any CPU
		{B9FC0600-C564-40B7-9E1B-A015E0B6731A}.Release|x64.ActiveCfg = Release|Any CPU
		{B9FC0600-C564-40B7-9E1B-A015E0B6731A}.Release|x64.Build.0 = Release|Any CPU
		{B9FC0600-C564-40B7-9E1B-A015E0B6731A}.Release|x86.ActiveCfg = Release|Any CPU
		{B9FC0600-C564-40B7-9E1B-A015E0B6731A}.Release|x86.Build.0 = Release|Any CPU
		{4E0287EE-A8D5-4406-B953-3A551DC6ECD6}.Ad-Hoc|Any CPU.ActiveCfg = Debug|Any CPU
		{4E0287EE-A8D5-4406-B953-3A551DC6ECD6}.Ad-Hoc|Any CPU.Build.0 = Debug|Any CPU
		{4E0287EE-A8D5-4406-B953-3A551DC6ECD6}.Ad-Hoc|ARM.ActiveCfg = Debug|Any CPU
		{4E0287EE-A8D5-4406-B953-3A551DC6ECD6}.Ad-Hoc|ARM.Build.0 = Debug|Any CPU
		{4E0287EE-A8D5-4406-B953-3A551DC6ECD6}.Ad-Hoc|ARM64.ActiveCfg = Debug|Any CPU
		{4E0287EE-A8D5-4406-B953-3A551DC6ECD6}.Ad-Hoc|ARM64.Build.0 = Debug|Any CPU
		{4E0287EE-A8D5-4406-B953-3A551DC6ECD6}.Ad-Hoc|iPhone.ActiveCfg = Debug|Any CPU
		{4E0287EE-A8D5-4406-B953-3A551DC6ECD6}.Ad-Hoc|iPhone.Build.0 = Debug|Any CPU
		{4E0287EE-A8D5-4406-B953-3A551DC6ECD6}.Ad-Hoc|iPhoneSimulator.ActiveCfg = Debug|Any CPU
		{4E0287EE-A8D5-4406-B953-3A551DC6ECD6}.Ad-Hoc|iPhoneSimulator.Build.0 = Debug|Any CPU
		{4E0287EE-A8D5-4406-B953-3A551DC6ECD6}.Ad-Hoc|x64.ActiveCfg = Debug|Any CPU
		{4E0287EE-A8D5-4406-B953-3A551DC6ECD6}.Ad-Hoc|x64.Build.0 = Debug|Any CPU
		{4E0287EE-A8D5-4406-B953-3A551DC6ECD6}.Ad-Hoc|x86.ActiveCfg = Debug|Any CPU
		{4E0287EE-A8D5-4406-B953-3A551DC6ECD6}.Ad-Hoc|x86.Build.0 = Debug|Any CPU
		{4E0287EE-A8D5-4406-B953-3A551DC6ECD6}.AppStore|Any CPU.ActiveCfg = Debug|Any CPU
		{4E0287EE-A8D5-4406-B953-3A551DC6ECD6}.AppStore|Any CPU.Build.0 = Debug|Any CPU
		{4E0287EE-A8D5-4406-B953-3A551DC6ECD6}.AppStore|ARM.ActiveCfg = Debug|Any CPU
		{4E0287EE-A8D5-4406-B953-3A551DC6ECD6}.AppStore|ARM.Build.0 = Debug|Any CPU
		{4E0287EE-A8D5-4406-B953-3A551DC6ECD6}.AppStore|ARM64.ActiveCfg = Debug|Any CPU
		{4E0287EE-A8D5-4406-B953-3A551DC6ECD6}.AppStore|ARM64.Build.0 = Debug|Any CPU
		{4E0287EE-A8D5-4406-B953-3A551DC6ECD6}.AppStore|iPhone.ActiveCfg = Debug|Any CPU
		{4E0287EE-A8D5-4406-B953-3A551DC6ECD6}.AppStore|iPhone.Build.0 = Debug|Any CPU
		{4E0287EE-A8D5-4406-B953-3A551DC6ECD6}.AppStore|iPhoneSimulator.ActiveCfg = Debug|Any CPU
		{4E0287EE-A8D5-4406-B953-3A551DC6ECD6}.AppStore|iPhoneSimulator.Build.0 = Debug|Any CPU
		{4E0287EE-A8D5-4406-B953-3A551DC6ECD6}.AppStore|x64.ActiveCfg = Debug|Any CPU
		{4E0287EE-A8D5-4406-B953-3A551DC6ECD6}.AppStore|x64.Build.0 = Debug|Any CPU
		{4E0287EE-A8D5-4406-B953-3A551DC6ECD6}.AppStore|x86.ActiveCfg = Debug|Any CPU
		{4E0287EE-A8D5-4406-B953-3A551DC6ECD6}.AppStore|x86.Build.0 = Debug|Any CPU
		{4E0287EE-A8D5-4406-B953-3A551DC6ECD6}.Debug|Any CPU.ActiveCfg = Debug|Any CPU
		{4E0287EE-A8D5-4406-B953-3A551DC6ECD6}.Debug|Any CPU.Build.0 = Debug|Any CPU
		{4E0287EE-A8D5-4406-B953-3A551DC6ECD6}.Debug|ARM.ActiveCfg = Debug|Any CPU
		{4E0287EE-A8D5-4406-B953-3A551DC6ECD6}.Debug|ARM.Build.0 = Debug|Any CPU
		{4E0287EE-A8D5-4406-B953-3A551DC6ECD6}.Debug|ARM64.ActiveCfg = Debug|Any CPU
		{4E0287EE-A8D5-4406-B953-3A551DC6ECD6}.Debug|ARM64.Build.0 = Debug|Any CPU
		{4E0287EE-A8D5-4406-B953-3A551DC6ECD6}.Debug|iPhone.ActiveCfg = Debug|Any CPU
		{4E0287EE-A8D5-4406-B953-3A551DC6ECD6}.Debug|iPhone.Build.0 = Debug|Any CPU
		{4E0287EE-A8D5-4406-B953-3A551DC6ECD6}.Debug|iPhoneSimulator.ActiveCfg = Debug|Any CPU
		{4E0287EE-A8D5-4406-B953-3A551DC6ECD6}.Debug|iPhoneSimulator.Build.0 = Debug|Any CPU
		{4E0287EE-A8D5-4406-B953-3A551DC6ECD6}.Debug|x64.ActiveCfg = Debug|Any CPU
		{4E0287EE-A8D5-4406-B953-3A551DC6ECD6}.Debug|x64.Build.0 = Debug|Any CPU
		{4E0287EE-A8D5-4406-B953-3A551DC6ECD6}.Debug|x86.ActiveCfg = Debug|Any CPU
		{4E0287EE-A8D5-4406-B953-3A551DC6ECD6}.Debug|x86.Build.0 = Debug|Any CPU
		{4E0287EE-A8D5-4406-B953-3A551DC6ECD6}.Release|Any CPU.ActiveCfg = Release|Any CPU
		{4E0287EE-A8D5-4406-B953-3A551DC6ECD6}.Release|Any CPU.Build.0 = Release|Any CPU
		{4E0287EE-A8D5-4406-B953-3A551DC6ECD6}.Release|ARM.ActiveCfg = Release|Any CPU
		{4E0287EE-A8D5-4406-B953-3A551DC6ECD6}.Release|ARM.Build.0 = Release|Any CPU
		{4E0287EE-A8D5-4406-B953-3A551DC6ECD6}.Release|ARM64.ActiveCfg = Release|Any CPU
		{4E0287EE-A8D5-4406-B953-3A551DC6ECD6}.Release|ARM64.Build.0 = Release|Any CPU
		{4E0287EE-A8D5-4406-B953-3A551DC6ECD6}.Release|iPhone.ActiveCfg = Release|Any CPU
		{4E0287EE-A8D5-4406-B953-3A551DC6ECD6}.Release|iPhone.Build.0 = Release|Any CPU
		{4E0287EE-A8D5-4406-B953-3A551DC6ECD6}.Release|iPhoneSimulator.ActiveCfg = Release|Any CPU
		{4E0287EE-A8D5-4406-B953-3A551DC6ECD6}.Release|iPhoneSimulator.Build.0 = Release|Any CPU
		{4E0287EE-A8D5-4406-B953-3A551DC6ECD6}.Release|x64.ActiveCfg = Release|Any CPU
		{4E0287EE-A8D5-4406-B953-3A551DC6ECD6}.Release|x64.Build.0 = Release|Any CPU
		{4E0287EE-A8D5-4406-B953-3A551DC6ECD6}.Release|x86.ActiveCfg = Release|Any CPU
		{4E0287EE-A8D5-4406-B953-3A551DC6ECD6}.Release|x86.Build.0 = Release|Any CPU
		{EE8BEC6D-5AE2-4C57-8AA8-3602F2FC1530}.Ad-Hoc|Any CPU.ActiveCfg = Debug|Any CPU
		{EE8BEC6D-5AE2-4C57-8AA8-3602F2FC1530}.Ad-Hoc|Any CPU.Build.0 = Debug|Any CPU
		{EE8BEC6D-5AE2-4C57-8AA8-3602F2FC1530}.Ad-Hoc|ARM.ActiveCfg = Debug|Any CPU
		{EE8BEC6D-5AE2-4C57-8AA8-3602F2FC1530}.Ad-Hoc|ARM.Build.0 = Debug|Any CPU
		{EE8BEC6D-5AE2-4C57-8AA8-3602F2FC1530}.Ad-Hoc|ARM64.ActiveCfg = Debug|Any CPU
		{EE8BEC6D-5AE2-4C57-8AA8-3602F2FC1530}.Ad-Hoc|ARM64.Build.0 = Debug|Any CPU
		{EE8BEC6D-5AE2-4C57-8AA8-3602F2FC1530}.Ad-Hoc|iPhone.ActiveCfg = Debug|Any CPU
		{EE8BEC6D-5AE2-4C57-8AA8-3602F2FC1530}.Ad-Hoc|iPhone.Build.0 = Debug|Any CPU
		{EE8BEC6D-5AE2-4C57-8AA8-3602F2FC1530}.Ad-Hoc|iPhoneSimulator.ActiveCfg = Debug|Any CPU
		{EE8BEC6D-5AE2-4C57-8AA8-3602F2FC1530}.Ad-Hoc|iPhoneSimulator.Build.0 = Debug|Any CPU
		{EE8BEC6D-5AE2-4C57-8AA8-3602F2FC1530}.Ad-Hoc|x64.ActiveCfg = Debug|Any CPU
		{EE8BEC6D-5AE2-4C57-8AA8-3602F2FC1530}.Ad-Hoc|x64.Build.0 = Debug|Any CPU
		{EE8BEC6D-5AE2-4C57-8AA8-3602F2FC1530}.Ad-Hoc|x86.ActiveCfg = Debug|Any CPU
		{EE8BEC6D-5AE2-4C57-8AA8-3602F2FC1530}.Ad-Hoc|x86.Build.0 = Debug|Any CPU
		{EE8BEC6D-5AE2-4C57-8AA8-3602F2FC1530}.AppStore|Any CPU.ActiveCfg = Debug|Any CPU
		{EE8BEC6D-5AE2-4C57-8AA8-3602F2FC1530}.AppStore|Any CPU.Build.0 = Debug|Any CPU
		{EE8BEC6D-5AE2-4C57-8AA8-3602F2FC1530}.AppStore|ARM.ActiveCfg = Debug|Any CPU
		{EE8BEC6D-5AE2-4C57-8AA8-3602F2FC1530}.AppStore|ARM.Build.0 = Debug|Any CPU
		{EE8BEC6D-5AE2-4C57-8AA8-3602F2FC1530}.AppStore|ARM64.ActiveCfg = Debug|Any CPU
		{EE8BEC6D-5AE2-4C57-8AA8-3602F2FC1530}.AppStore|ARM64.Build.0 = Debug|Any CPU
		{EE8BEC6D-5AE2-4C57-8AA8-3602F2FC1530}.AppStore|iPhone.ActiveCfg = Debug|Any CPU
		{EE8BEC6D-5AE2-4C57-8AA8-3602F2FC1530}.AppStore|iPhone.Build.0 = Debug|Any CPU
		{EE8BEC6D-5AE2-4C57-8AA8-3602F2FC1530}.AppStore|iPhoneSimulator.ActiveCfg = Debug|Any CPU
		{EE8BEC6D-5AE2-4C57-8AA8-3602F2FC1530}.AppStore|iPhoneSimulator.Build.0 = Debug|Any CPU
		{EE8BEC6D-5AE2-4C57-8AA8-3602F2FC1530}.AppStore|x64.ActiveCfg = Debug|Any CPU
		{EE8BEC6D-5AE2-4C57-8AA8-3602F2FC1530}.AppStore|x64.Build.0 = Debug|Any CPU
		{EE8BEC6D-5AE2-4C57-8AA8-3602F2FC1530}.AppStore|x86.ActiveCfg = Debug|Any CPU
		{EE8BEC6D-5AE2-4C57-8AA8-3602F2FC1530}.AppStore|x86.Build.0 = Debug|Any CPU
		{EE8BEC6D-5AE2-4C57-8AA8-3602F2FC1530}.Debug|Any CPU.ActiveCfg = Debug|Any CPU
		{EE8BEC6D-5AE2-4C57-8AA8-3602F2FC1530}.Debug|Any CPU.Build.0 = Debug|Any CPU
		{EE8BEC6D-5AE2-4C57-8AA8-3602F2FC1530}.Debug|ARM.ActiveCfg = Debug|Any CPU
		{EE8BEC6D-5AE2-4C57-8AA8-3602F2FC1530}.Debug|ARM.Build.0 = Debug|Any CPU
		{EE8BEC6D-5AE2-4C57-8AA8-3602F2FC1530}.Debug|ARM64.ActiveCfg = Debug|Any CPU
		{EE8BEC6D-5AE2-4C57-8AA8-3602F2FC1530}.Debug|ARM64.Build.0 = Debug|Any CPU
		{EE8BEC6D-5AE2-4C57-8AA8-3602F2FC1530}.Debug|iPhone.ActiveCfg = Debug|Any CPU
		{EE8BEC6D-5AE2-4C57-8AA8-3602F2FC1530}.Debug|iPhone.Build.0 = Debug|Any CPU
		{EE8BEC6D-5AE2-4C57-8AA8-3602F2FC1530}.Debug|iPhoneSimulator.ActiveCfg = Debug|Any CPU
		{EE8BEC6D-5AE2-4C57-8AA8-3602F2FC1530}.Debug|iPhoneSimulator.Build.0 = Debug|Any CPU
		{EE8BEC6D-5AE2-4C57-8AA8-3602F2FC1530}.Debug|x64.ActiveCfg = Debug|Any CPU
		{EE8BEC6D-5AE2-4C57-8AA8-3602F2FC1530}.Debug|x64.Build.0 = Debug|Any CPU
		{EE8BEC6D-5AE2-4C57-8AA8-3602F2FC1530}.Debug|x86.ActiveCfg = Debug|Any CPU
		{EE8BEC6D-5AE2-4C57-8AA8-3602F2FC1530}.Debug|x86.Build.0 = Debug|Any CPU
		{EE8BEC6D-5AE2-4C57-8AA8-3602F2FC1530}.Release|Any CPU.ActiveCfg = Release|Any CPU
		{EE8BEC6D-5AE2-4C57-8AA8-3602F2FC1530}.Release|Any CPU.Build.0 = Release|Any CPU
		{EE8BEC6D-5AE2-4C57-8AA8-3602F2FC1530}.Release|ARM.ActiveCfg = Release|Any CPU
		{EE8BEC6D-5AE2-4C57-8AA8-3602F2FC1530}.Release|ARM.Build.0 = Release|Any CPU
		{EE8BEC6D-5AE2-4C57-8AA8-3602F2FC1530}.Release|ARM64.ActiveCfg = Release|Any CPU
		{EE8BEC6D-5AE2-4C57-8AA8-3602F2FC1530}.Release|ARM64.Build.0 = Release|Any CPU
		{EE8BEC6D-5AE2-4C57-8AA8-3602F2FC1530}.Release|iPhone.ActiveCfg = Release|Any CPU
		{EE8BEC6D-5AE2-4C57-8AA8-3602F2FC1530}.Release|iPhone.Build.0 = Release|Any CPU
		{EE8BEC6D-5AE2-4C57-8AA8-3602F2FC1530}.Release|iPhoneSimulator.ActiveCfg = Release|Any CPU
		{EE8BEC6D-5AE2-4C57-8AA8-3602F2FC1530}.Release|iPhoneSimulator.Build.0 = Release|Any CPU
		{EE8BEC6D-5AE2-4C57-8AA8-3602F2FC1530}.Release|x64.ActiveCfg = Release|Any CPU
		{EE8BEC6D-5AE2-4C57-8AA8-3602F2FC1530}.Release|x64.Build.0 = Release|Any CPU
		{EE8BEC6D-5AE2-4C57-8AA8-3602F2FC1530}.Release|x86.ActiveCfg = Release|Any CPU
		{EE8BEC6D-5AE2-4C57-8AA8-3602F2FC1530}.Release|x86.Build.0 = Release|Any CPU
		{58369DD3-8056-44BC-A8B0-3C6714C47820}.Ad-Hoc|Any CPU.ActiveCfg = Debug|Any CPU
		{58369DD3-8056-44BC-A8B0-3C6714C47820}.Ad-Hoc|Any CPU.Build.0 = Debug|Any CPU
		{58369DD3-8056-44BC-A8B0-3C6714C47820}.Ad-Hoc|ARM.ActiveCfg = Debug|Any CPU
		{58369DD3-8056-44BC-A8B0-3C6714C47820}.Ad-Hoc|ARM.Build.0 = Debug|Any CPU
		{58369DD3-8056-44BC-A8B0-3C6714C47820}.Ad-Hoc|ARM64.ActiveCfg = Debug|Any CPU
		{58369DD3-8056-44BC-A8B0-3C6714C47820}.Ad-Hoc|ARM64.Build.0 = Debug|Any CPU
		{58369DD3-8056-44BC-A8B0-3C6714C47820}.Ad-Hoc|iPhone.ActiveCfg = Debug|Any CPU
		{58369DD3-8056-44BC-A8B0-3C6714C47820}.Ad-Hoc|iPhone.Build.0 = Debug|Any CPU
		{58369DD3-8056-44BC-A8B0-3C6714C47820}.Ad-Hoc|iPhoneSimulator.ActiveCfg = Debug|Any CPU
		{58369DD3-8056-44BC-A8B0-3C6714C47820}.Ad-Hoc|iPhoneSimulator.Build.0 = Debug|Any CPU
		{58369DD3-8056-44BC-A8B0-3C6714C47820}.Ad-Hoc|x64.ActiveCfg = Debug|Any CPU
		{58369DD3-8056-44BC-A8B0-3C6714C47820}.Ad-Hoc|x64.Build.0 = Debug|Any CPU
		{58369DD3-8056-44BC-A8B0-3C6714C47820}.Ad-Hoc|x86.ActiveCfg = Debug|Any CPU
		{58369DD3-8056-44BC-A8B0-3C6714C47820}.Ad-Hoc|x86.Build.0 = Debug|Any CPU
		{58369DD3-8056-44BC-A8B0-3C6714C47820}.AppStore|Any CPU.ActiveCfg = Debug|Any CPU
		{58369DD3-8056-44BC-A8B0-3C6714C47820}.AppStore|Any CPU.Build.0 = Debug|Any CPU
		{58369DD3-8056-44BC-A8B0-3C6714C47820}.AppStore|ARM.ActiveCfg = Debug|Any CPU
		{58369DD3-8056-44BC-A8B0-3C6714C47820}.AppStore|ARM.Build.0 = Debug|Any CPU
		{58369DD3-8056-44BC-A8B0-3C6714C47820}.AppStore|ARM64.ActiveCfg = Debug|Any CPU
		{58369DD3-8056-44BC-A8B0-3C6714C47820}.AppStore|ARM64.Build.0 = Debug|Any CPU
		{58369DD3-8056-44BC-A8B0-3C6714C47820}.AppStore|iPhone.ActiveCfg = Debug|Any CPU
		{58369DD3-8056-44BC-A8B0-3C6714C47820}.AppStore|iPhone.Build.0 = Debug|Any CPU
		{58369DD3-8056-44BC-A8B0-3C6714C47820}.AppStore|iPhoneSimulator.ActiveCfg = Debug|Any CPU
		{58369DD3-8056-44BC-A8B0-3C6714C47820}.AppStore|iPhoneSimulator.Build.0 = Debug|Any CPU
		{58369DD3-8056-44BC-A8B0-3C6714C47820}.AppStore|x64.ActiveCfg = Debug|Any CPU
		{58369DD3-8056-44BC-A8B0-3C6714C47820}.AppStore|x64.Build.0 = Debug|Any CPU
		{58369DD3-8056-44BC-A8B0-3C6714C47820}.AppStore|x86.ActiveCfg = Debug|Any CPU
		{58369DD3-8056-44BC-A8B0-3C6714C47820}.AppStore|x86.Build.0 = Debug|Any CPU
		{58369DD3-8056-44BC-A8B0-3C6714C47820}.Debug|Any CPU.ActiveCfg = Debug|Any CPU
		{58369DD3-8056-44BC-A8B0-3C6714C47820}.Debug|Any CPU.Build.0 = Debug|Any CPU
		{58369DD3-8056-44BC-A8B0-3C6714C47820}.Debug|ARM.ActiveCfg = Debug|Any CPU
		{58369DD3-8056-44BC-A8B0-3C6714C47820}.Debug|ARM.Build.0 = Debug|Any CPU
		{58369DD3-8056-44BC-A8B0-3C6714C47820}.Debug|ARM64.ActiveCfg = Debug|Any CPU
		{58369DD3-8056-44BC-A8B0-3C6714C47820}.Debug|ARM64.Build.0 = Debug|Any CPU
		{58369DD3-8056-44BC-A8B0-3C6714C47820}.Debug|iPhone.ActiveCfg = Debug|Any CPU
		{58369DD3-8056-44BC-A8B0-3C6714C47820}.Debug|iPhone.Build.0 = Debug|Any CPU
		{58369DD3-8056-44BC-A8B0-3C6714C47820}.Debug|iPhoneSimulator.ActiveCfg = Debug|Any CPU
		{58369DD3-8056-44BC-A8B0-3C6714C47820}.Debug|iPhoneSimulator.Build.0 = Debug|Any CPU
		{58369DD3-8056-44BC-A8B0-3C6714C47820}.Debug|x64.ActiveCfg = Debug|Any CPU
		{58369DD3-8056-44BC-A8B0-3C6714C47820}.Debug|x64.Build.0 = Debug|Any CPU
		{58369DD3-8056-44BC-A8B0-3C6714C47820}.Debug|x86.ActiveCfg = Debug|Any CPU
		{58369DD3-8056-44BC-A8B0-3C6714C47820}.Debug|x86.Build.0 = Debug|Any CPU
		{58369DD3-8056-44BC-A8B0-3C6714C47820}.Release|Any CPU.ActiveCfg = Release|Any CPU
		{58369DD3-8056-44BC-A8B0-3C6714C47820}.Release|Any CPU.Build.0 = Release|Any CPU
		{58369DD3-8056-44BC-A8B0-3C6714C47820}.Release|ARM.ActiveCfg = Release|Any CPU
		{58369DD3-8056-44BC-A8B0-3C6714C47820}.Release|ARM.Build.0 = Release|Any CPU
		{58369DD3-8056-44BC-A8B0-3C6714C47820}.Release|ARM64.ActiveCfg = Release|Any CPU
		{58369DD3-8056-44BC-A8B0-3C6714C47820}.Release|ARM64.Build.0 = Release|Any CPU
		{58369DD3-8056-44BC-A8B0-3C6714C47820}.Release|iPhone.ActiveCfg = Release|Any CPU
		{58369DD3-8056-44BC-A8B0-3C6714C47820}.Release|iPhone.Build.0 = Release|Any CPU
		{58369DD3-8056-44BC-A8B0-3C6714C47820}.Release|iPhoneSimulator.ActiveCfg = Release|Any CPU
		{58369DD3-8056-44BC-A8B0-3C6714C47820}.Release|iPhoneSimulator.Build.0 = Release|Any CPU
		{58369DD3-8056-44BC-A8B0-3C6714C47820}.Release|x64.ActiveCfg = Release|Any CPU
		{58369DD3-8056-44BC-A8B0-3C6714C47820}.Release|x64.Build.0 = Release|Any CPU
		{58369DD3-8056-44BC-A8B0-3C6714C47820}.Release|x86.ActiveCfg = Release|Any CPU
		{58369DD3-8056-44BC-A8B0-3C6714C47820}.Release|x86.Build.0 = Release|Any CPU
	EndGlobalSection
	GlobalSection(SolutionProperties) = preSolution
		HideSolutionNode = FALSE
	EndGlobalSection
	GlobalSection(NestedProjects) = preSolution
		{30594A0D-E78A-45D8-BBAB-1B355B9AA745} = {A6F85571-78A3-4BC0-B443-BFF263DC63CB}
		{F12B0B30-9B38-4135-BD6C-2DE1C0B34576} = {A6F85571-78A3-4BC0-B443-BFF263DC63CB}
		{7EA5073B-62EE-46E0-8638-7855A4106792} = {A6F85571-78A3-4BC0-B443-BFF263DC63CB}
		{CC0E9F95-05B6-4B7E-BE26-B21FC1EC3A9E} = {A6F85571-78A3-4BC0-B443-BFF263DC63CB}
		{202A2816-496D-40CA-BC9E-9739B230E193} = {A6F85571-78A3-4BC0-B443-BFF263DC63CB}
		{8CB95B48-C0BB-44CD-A9C4-D65222BE09EA} = {A6F85571-78A3-4BC0-B443-BFF263DC63CB}
		{B9FC0600-C564-40B7-9E1B-A015E0B6731A} = {A6F85571-78A3-4BC0-B443-BFF263DC63CB}
		{4E0287EE-A8D5-4406-B953-3A551DC6ECD6} = {A6F85571-78A3-4BC0-B443-BFF263DC63CB}
		{EE8BEC6D-5AE2-4C57-8AA8-3602F2FC1530} = {A6F85571-78A3-4BC0-B443-BFF263DC63CB}
	EndGlobalSection
	GlobalSection(ExtensibilityGlobals) = postSolution
		SolutionGuid = {B2D2FCE4-6075-4AF0-927A-5B8BD8526E9A}
	EndGlobalSection
EndGlobal
